
Microsoft Visual Studio Solution File, Format Version 12.00
# Visual Studio Version 16
VisualStudioVersion = 16.0.31729.503
MinimumVisualStudioVersion = 10.0.40219.1
Project("{FAE04EC0-301F-11D3-BF4B-00C04F79EFBC}") = "HackatonAnketApp", "HackatonAnketApp.csproj", "{ED5A79F4-5B1D-4AE0-A34E-896A4DEA1953}"
EndProject
Project("{FAE04EC0-301F-11D3-BF4B-00C04F79EFBC}") = "WebAPI", "..\WebAPI\WebAPI.csproj", "{43701604-33EE-4F17-9A20-1C65FB2B541B}"
EndProject
Global
	GlobalSection(SolutionConfigurationPlatforms) = preSolution
		Debug|Any CPU = Debug|Any CPU
		Release|Any CPU = Release|Any CPU
	EndGlobalSection
	GlobalSection(ProjectConfigurationPlatforms) = postSolution
		{ED5A79F4-5B1D-4AE0-A34E-896A4DEA1953}.Debug|Any CPU.ActiveCfg = Debug|Any CPU
		{ED5A79F4-5B1D-4AE0-A34E-896A4DEA1953}.Debug|Any CPU.Build.0 = Debug|Any CPU
		{ED5A79F4-5B1D-4AE0-A34E-896A4DEA1953}.Release|Any CPU.ActiveCfg = Release|Any CPU
		{ED5A79F4-5B1D-4AE0-A34E-896A4DEA1953}.Release|Any CPU.Build.0 = Release|Any CPU
		{43701604-33EE-4F17-9A20-1C65FB2B541B}.Debug|Any CPU.ActiveCfg = Debug|Any CPU
		{43701604-33EE-4F17-9A20-1C65FB2B541B}.Debug|Any CPU.Build.0 = Debug|Any CPU
		{43701604-33EE-4F17-9A20-1C65FB2B541B}.Release|Any CPU.ActiveCfg = Release|Any CPU
		{43701604-33EE-4F17-9A20-1C65FB2B541B}.Release|Any CPU.Build.0 = Release|Any CPU
	EndGlobalSection
	GlobalSection(SolutionProperties) = preSolution
		HideSolutionNode = FALSE
	EndGlobalSection
	GlobalSection(ExtensibilityGlobals) = postSolution
		SolutionGuid = {63DD92B1-9E3A-4E02-9688-91CB0827CFAA}
	EndGlobalSection
EndGlobal
